
Microsoft Visual Studio Solution File, Format Version 12.00
# Visual Studio Version 17
VisualStudioVersion = 17.14.36221.1
MinimumVisualStudioVersion = 10.0.40219.1
Project("{FAE04EC0-301F-11D3-BF4B-00C04F79EFBC}") = "CStoreSwiftec.Api", "CStoreSwiftec.Api.csproj", "{4A0E104F-8D25-43FB-B87C-F49F658F5C86}"
EndProject
Project("{FAE04EC0-301F-11D3-BF4B-00C04F79EFBC}") = "CStoreSwiftec.Application", "..\CStoreSwiftec.Application\CStoreSwiftec.Application.csproj", "{07C08E62-012E-4295-9983-D6507C1AFC93}"
EndProject
Project("{2150E333-8FDC-42A3-9474-1A3956D46DE8}") = "Tests", "Tests", "{02EA681E-C7D8-13C7-8484-4AC65E1B71E8}"
EndProject
Project("{FAE04EC0-301F-11D3-BF4B-00C04F79EFBC}") = "CtoreSwiftec.Application.Test", "..\CtoreSwiftec.Application.Test\CtoreSwiftec.Application.Test.csproj", "{330B2EB5-38D7-4F25-A5D3-0D116AED4531}"
EndProject
Project("{2150E333-8FDC-42A3-9474-1A3956D46DE8}") = "Application", "Application", "{9E323187-3A8C-492D-B3A5-932D4D8CF49D}"
EndProject
Project("{2150E333-8FDC-42A3-9474-1A3956D46DE8}") = "Common", "Common", "{0D3E5173-A54F-4994-B76C-3D64B266E908}"
EndProject
Project("{2150E333-8FDC-42A3-9474-1A3956D46DE8}") = "Domain", "Domain", "{4EFFE527-5674-42C8-B3B4-F6F5BFC99D20}"
EndProject
Project("{2150E333-8FDC-42A3-9474-1A3956D46DE8}") = "Infrastructure", "Infrastructure", "{B3BAAFCB-4EB0-4239-8F45-5F522FF96AC5}"
EndProject
Project("{2150E333-8FDC-42A3-9474-1A3956D46DE8}") = "Persistence", "Persistence", "{61B2EF38-CDE7-4C23-8D19-06BF2DAC39ED}"
EndProject

Global
	GlobalSection(SolutionConfigurationPlatforms) = preSolution
		Debug|Any CPU = Debug|Any CPU
		Release|Any CPU = Release|Any CPU
	EndGlobalSection
	GlobalSection(ProjectConfigurationPlatforms) = postSolution
		{4A0E104F-8D25-43FB-B87C-F49F658F5C86}.Debug|Any CPU.ActiveCfg = Debug|Any CPU
		{4A0E104F-8D25-43FB-B87C-F49F658F5C86}.Debug|Any CPU.Build.0 = Debug|Any CPU
		{4A0E104F-8D25-43FB-B87C-F49F658F5C86}.Release|Any CPU.ActiveCfg = Release|Any CPU
		{4A0E104F-8D25-43FB-B87C-F49F658F5C86}.Release|Any CPU.Build.0 = Release|Any CPU
		{07C08E62-012E-4295-9983-D6507C1AFC93}.Debug|Any CPU.ActiveCfg = Debug|Any CPU
		{07C08E62-012E-4295-9983-D6507C1AFC93}.Debug|Any CPU.Build.0 = Debug|Any CPU
		{07C08E62-012E-4295-9983-D6507C1AFC93}.Release|Any CPU.ActiveCfg = Release|Any CPU
		{07C08E62-012E-4295-9983-D6507C1AFC93}.Release|Any CPU.Build.0 = Release|Any CPU
		{330B2EB5-38D7-4F25-A5D3-0D116AED4531}.Debug|Any CPU.ActiveCfg = Debug|Any CPU
		{330B2EB5-38D7-4F25-A5D3-0D116AED4531}.Debug|Any CPU.Build.0 = Debug|Any CPU
		{330B2EB5-38D7-4F25-A5D3-0D116AED4531}.Release|Any CPU.ActiveCfg = Release|Any CPU
		{330B2EB5-38D7-4F25-A5D3-0D116AED4531}.Release|Any CPU.Build.0 = Release|Any CPU
		{4A2E96B5-84A5-4EBB-AAF0-B40162DEA4D2}.Debug|Any CPU.ActiveCfg = Debug|Any CPU
		{4A2E96B5-84A5-4EBB-AAF0-B40162DEA4D2}.Debug|Any CPU.Build.0 = Debug|Any CPU
		{4A2E96B5-84A5-4EBB-AAF0-B40162DEA4D2}.Release|Any CPU.ActiveCfg = Release|Any CPU
		{4A2E96B5-84A5-4EBB-AAF0-B40162DEA4D2}.Release|Any CPU.Build.0 = Release|Any CPU
		{99071E0A-E523-4500-9EFC-FDB2DD48275C}.Debug|Any CPU.ActiveCfg = Debug|Any CPU
		{99071E0A-E523-4500-9EFC-FDB2DD48275C}.Debug|Any CPU.Build.0 = Debug|Any CPU
		{99071E0A-E523-4500-9EFC-FDB2DD48275C}.Release|Any CPU.ActiveCfg = Release|Any CPU
		{99071E0A-E523-4500-9EFC-FDB2DD48275C}.Release|Any CPU.Build.0 = Release|Any CPU
		{0044A996-53D1-4FAE-B1CC-F6A87E399266}.Debug|Any CPU.ActiveCfg = Debug|Any CPU
		{0044A996-53D1-4FAE-B1CC-F6A87E399266}.Debug|Any CPU.Build.0 = Debug|Any CPU
		{0044A996-53D1-4FAE-B1CC-F6A87E399266}.Release|Any CPU.ActiveCfg = Release|Any CPU
		{0044A996-53D1-4FAE-B1CC-F6A87E399266}.Release|Any CPU.Build.0 = Release|Any CPU
		{074EF6AE-36DB-4A71-B96A-7EFDE5926683}.Debug|Any CPU.ActiveCfg = Debug|Any CPU
		{074EF6AE-36DB-4A71-B96A-7EFDE5926683}.Debug|Any CPU.Build.0 = Debug|Any CPU
		{074EF6AE-36DB-4A71-B96A-7EFDE5926683}.Release|Any CPU.ActiveCfg = Release|Any CPU
		{074EF6AE-36DB-4A71-B96A-7EFDE5926683}.Release|Any CPU.Build.0 = Release|Any CPU
		{C3274352-32CF-4995-88A5-1DEA04F3A788}.Debug|Any CPU.ActiveCfg = Debug|Any CPU
		{C3274352-32CF-4995-88A5-1DEA04F3A788}.Debug|Any CPU.Build.0 = Debug|Any CPU
		{C3274352-32CF-4995-88A5-1DEA04F3A788}.Release|Any CPU.ActiveCfg = Release|Any CPU
		{C3274352-32CF-4995-88A5-1DEA04F3A788}.Release|Any CPU.Build.0 = Release|Any CPU
		{24A77BAA-3FA8-433F-A035-518A332C5081}.Debug|Any CPU.ActiveCfg = Debug|Any CPU
		{24A77BAA-3FA8-433F-A035-518A332C5081}.Debug|Any CPU.Build.0 = Debug|Any CPU
		{24A77BAA-3FA8-433F-A035-518A332C5081}.Release|Any CPU.ActiveCfg = Release|Any CPU
		{24A77BAA-3FA8-433F-A035-518A332C5081}.Release|Any CPU.Build.0 = Release|Any CPU
		{A1BDA23D-D912-4E84-933D-36F775281609}.Debug|Any CPU.ActiveCfg = Debug|Any CPU
		{A1BDA23D-D912-4E84-933D-36F775281609}.Debug|Any CPU.Build.0 = Debug|Any CPU
		{A1BDA23D-D912-4E84-933D-36F775281609}.Release|Any CPU.ActiveCfg = Release|Any CPU
		{A1BDA23D-D912-4E84-933D-36F775281609}.Release|Any CPU.Build.0 = Release|Any CPU
		{DDE41431-A078-4669-95BC-E83F3F485698}.Debug|Any CPU.ActiveCfg = Debug|Any CPU
		{DDE41431-A078-4669-95BC-E83F3F485698}.Debug|Any CPU.Build.0 = Debug|Any CPU
		{DDE41431-A078-4669-95BC-E83F3F485698}.Release|Any CPU.ActiveCfg = Release|Any CPU
		{DDE41431-A078-4669-95BC-E83F3F485698}.Release|Any CPU.Build.0 = Release|Any CPU
	EndGlobalSection
	GlobalSection(SolutionProperties) = preSolution
		HideSolutionNode = FALSE
	EndGlobalSection
	GlobalSection(NestedProjects) = preSolution
		{07C08E62-012E-4295-9983-D6507C1AFC93} = {9E323187-3A8C-492D-B3A5-932D4D8CF49D}
		{330B2EB5-38D7-4F25-A5D3-0D116AED4531} = {02EA681E-C7D8-13C7-8484-4AC65E1B71E8}
		{4A2E96B5-84A5-4EBB-AAF0-B40162DEA4D2} = {0D3E5173-A54F-4994-B76C-3D64B266E908}
		{99071E0A-E523-4500-9EFC-FDB2DD48275C} = {4EFFE527-5674-42C8-B3B4-F6F5BFC99D20}
		{0044A996-53D1-4FAE-B1CC-F6A87E399266} = {B3BAAFCB-4EB0-4239-8F45-5F522FF96AC5}
		{074EF6AE-36DB-4A71-B96A-7EFDE5926683} = {B3BAAFCB-4EB0-4239-8F45-5F522FF96AC5}
		{C3274352-32CF-4995-88A5-1DEA04F3A788} = {61B2EF38-CDE7-4C23-8D19-06BF2DAC39ED}
		{24A77BAA-3FA8-433F-A035-518A332C5081} = {02EA681E-C7D8-13C7-8484-4AC65E1B71E8}
		{A1BDA23D-D912-4E84-933D-36F775281609} = {02EA681E-C7D8-13C7-8484-4AC65E1B71E8}
		{DDE41431-A078-4669-95BC-E83F3F485698} = {02EA681E-C7D8-13C7-8484-4AC65E1B71E8}
	EndGlobalSection
	GlobalSection(ExtensibilityGlobals) = postSolution
		SolutionGuid = {D4A1840C-4CB4-4D2B-8BDC-BCC3B294163F}
	EndGlobalSection
EndGlobal
